
Microsoft Visual Studio Solution File, Format Version 12.00
# Visual Studio Version 17
VisualStudioVersion = 17.7.34024.191
MinimumVisualStudioVersion = 10.0.40219.1
Project("{9A19103F-16F7-4668-BE54-9A1E7A4F7556}") = "DataAccess", "DataAccess\DataAccess.csproj", "{8DCD4416-2D28-4824-8FAE-4732ACA4DD93}"
EndProject
Project("{9A19103F-16F7-4668-BE54-9A1E7A4F7556}") = "BusinessObject", "BusinessObject\BusinessObject.csproj", "{B85ED6BB-CC1E-4566-B1E2-99BD8340F785}"
EndProject
Project("{9A19103F-16F7-4668-BE54-9A1E7A4F7556}") = "eStore", "PresentationLayer\eStore.csproj", "{CA9583E6-5522-412E-BC69-D4C094A77C84}"
EndProject
Global
	GlobalSection(SolutionConfigurationPlatforms) = preSolution
		Debug|Any CPU = Debug|Any CPU
		Release|Any CPU = Release|Any CPU
	EndGlobalSection
	GlobalSection(ProjectConfigurationPlatforms) = postSolution
		{8DCD4416-2D28-4824-8FAE-4732ACA4DD93}.Debug|Any CPU.ActiveCfg = Debug|Any CPU
		{8DCD4416-2D28-4824-8FAE-4732ACA4DD93}.Debug|Any CPU.Build.0 = Debug|Any CPU
		{8DCD4416-2D28-4824-8FAE-4732ACA4DD93}.Release|Any CPU.ActiveCfg = Release|Any CPU
		{8DCD4416-2D28-4824-8FAE-4732ACA4DD93}.Release|Any CPU.Build.0 = Release|Any CPU
		{B85ED6BB-CC1E-4566-B1E2-99BD8340F785}.Debug|Any CPU.ActiveCfg = Debug|Any CPU
		{B85ED6BB-CC1E-4566-B1E2-99BD8340F785}.Debug|Any CPU.Build.0 = Debug|Any CPU
		{B85ED6BB-CC1E-4566-B1E2-99BD8340F785}.Release|Any CPU.ActiveCfg = Release|Any CPU
		{B85ED6BB-CC1E-4566-B1E2-99BD8340F785}.Release|Any CPU.Build.0 = Release|Any CPU
		{CA9583E6-5522-412E-BC69-D4C094A77C84}.Debug|Any CPU.ActiveCfg = Debug|Any CPU
		{CA9583E6-5522-412E-BC69-D4C094A77C84}.Debug|Any CPU.Build.0 = Debug|Any CPU
		{CA9583E6-5522-412E-BC69-D4C094A77C84}.Release|Any CPU.ActiveCfg = Release|Any CPU
		{CA9583E6-5522-412E-BC69-D4C094A77C84}.Release|Any CPU.Build.0 = Release|Any CPU
	EndGlobalSection
	GlobalSection(SolutionProperties) = preSolution
		HideSolutionNode = FALSE
	EndGlobalSection
	GlobalSection(ExtensibilityGlobals) = postSolution
		SolutionGuid = {F57B6B8A-3264-40D9-AF5F-5B55622FC910}
	EndGlobalSection
EndGlobal
